
Microsoft Visual Studio Solution File, Format Version 12.00
# Visual Studio Version 16
VisualStudioVersion = 16.0.29709.97
MinimumVisualStudioVersion = 10.0.40219.1
Project("{9A19103F-16F7-4668-BE54-9A1E7A4F7556}") = "DocManagementAPI", "DocManagementAPI.csproj", "{213FA2DC-6BEB-4514-9734-37225A4E409E}"
EndProject
Project("{FAE04EC0-301F-11D3-BF4B-00C04F79EFBC}") = "DocManagmentUnitTest", "..\DocManagmentUnitTest\DocManagmentUnitTest.csproj", "{B3D2F2BB-7C22-4063-9238-1404B6D46F9F}"
EndProject
Global
	GlobalSection(SolutionConfigurationPlatforms) = preSolution
		Debug|Any CPU = Debug|Any CPU
		Release|Any CPU = Release|Any CPU
	EndGlobalSection
	GlobalSection(ProjectConfigurationPlatforms) = postSolution
		{213FA2DC-6BEB-4514-9734-37225A4E409E}.Debug|Any CPU.ActiveCfg = Debug|Any CPU
		{213FA2DC-6BEB-4514-9734-37225A4E409E}.Debug|Any CPU.Build.0 = Debug|Any CPU
		{213FA2DC-6BEB-4514-9734-37225A4E409E}.Release|Any CPU.ActiveCfg = Release|Any CPU
		{213FA2DC-6BEB-4514-9734-37225A4E409E}.Release|Any CPU.Build.0 = Release|Any CPU
		{B3D2F2BB-7C22-4063-9238-1404B6D46F9F}.Debug|Any CPU.ActiveCfg = Debug|Any CPU
		{B3D2F2BB-7C22-4063-9238-1404B6D46F9F}.Debug|Any CPU.Build.0 = Debug|Any CPU
		{B3D2F2BB-7C22-4063-9238-1404B6D46F9F}.Release|Any CPU.ActiveCfg = Release|Any CPU
		{B3D2F2BB-7C22-4063-9238-1404B6D46F9F}.Release|Any CPU.Build.0 = Release|Any CPU
	EndGlobalSection
	GlobalSection(SolutionProperties) = preSolution
		HideSolutionNode = FALSE
	EndGlobalSection
	GlobalSection(ExtensibilityGlobals) = postSolution
		SolutionGuid = {BE665A3D-0712-4254-B690-57A81150A735}
	EndGlobalSection
EndGlobal
